
Microsoft Visual Studio Solution File, Format Version 12.00
# Visual Studio Version 17
VisualStudioVersion = 17.0.31903.59
MinimumVisualStudioVersion = 10.0.40219.1
Project("{FAE04EC0-301F-11D3-BF4B-00C04F79EFBC}") = "Catalog", "Catalog\Catalog.csproj", "{5BA000EC-C069-48C1-A62A-5DCB250355B8}"
EndProject
Project("{FAE04EC0-301F-11D3-BF4B-00C04F79EFBC}") = "PersistanceApp", "PersistanceApp\PersistanceApp.csproj", "{2A6041FA-26AC-4E0F-A8EB-CCF03E1FC610}"
EndProject
Global
	GlobalSection(SolutionConfigurationPlatforms) = preSolution
		Debug|Any CPU = Debug|Any CPU
		Release|Any CPU = Release|Any CPU
	EndGlobalSection
	GlobalSection(SolutionProperties) = preSolution
		HideSolutionNode = FALSE
	EndGlobalSection
	GlobalSection(ProjectConfigurationPlatforms) = postSolution
		{5BA000EC-C069-48C1-A62A-5DCB250355B8}.Debug|Any CPU.ActiveCfg = Debug|Any CPU
		{5BA000EC-C069-48C1-A62A-5DCB250355B8}.Debug|Any CPU.Build.0 = Debug|Any CPU
		{5BA000EC-C069-48C1-A62A-5DCB250355B8}.Release|Any CPU.ActiveCfg = Release|Any CPU
		{5BA000EC-C069-48C1-A62A-5DCB250355B8}.Release|Any CPU.Build.0 = Release|Any CPU
		{2A6041FA-26AC-4E0F-A8EB-CCF03E1FC610}.Debug|Any CPU.ActiveCfg = Debug|Any CPU
		{2A6041FA-26AC-4E0F-A8EB-CCF03E1FC610}.Debug|Any CPU.Build.0 = Debug|Any CPU
		{2A6041FA-26AC-4E0F-A8EB-CCF03E1FC610}.Release|Any CPU.ActiveCfg = Release|Any CPU
		{2A6041FA-26AC-4E0F-A8EB-CCF03E1FC610}.Release|Any CPU.Build.0 = Release|Any CPU
	EndGlobalSection
EndGlobal
